
Microsoft Visual Studio Solution File, Format Version 12.00
# Visual Studio Version 17
VisualStudioVersion = 17.7.34202.233
MinimumVisualStudioVersion = 10.0.40219.1
Project("{FAE04EC0-301F-11D3-BF4B-00C04F79EFBC}") = "PDC06_MODULE06.Android", "PDC06_MODULE06.Android\PDC06_MODULE06.Android.csproj", "{B47237F4-1EBC-4681-9DC3-AF2BBC9D32C2}"
EndProject
Project("{FAE04EC0-301F-11D3-BF4B-00C04F79EFBC}") = "PDC06_MODULE06", "PDC06_MODULE06\PDC06_MODULE06.csproj", "{2D5AB25A-929A-4084-8C68-224E2805B823}"
EndProject
Global
	GlobalSection(SolutionConfigurationPlatforms) = preSolution
		Debug|Any CPU = Debug|Any CPU
		Release|Any CPU = Release|Any CPU
	EndGlobalSection
	GlobalSection(ProjectConfigurationPlatforms) = postSolution
		{B47237F4-1EBC-4681-9DC3-AF2BBC9D32C2}.Debug|Any CPU.ActiveCfg = Debug|Any CPU
		{B47237F4-1EBC-4681-9DC3-AF2BBC9D32C2}.Debug|Any CPU.Build.0 = Debug|Any CPU
		{B47237F4-1EBC-4681-9DC3-AF2BBC9D32C2}.Debug|Any CPU.Deploy.0 = Debug|Any CPU
		{B47237F4-1EBC-4681-9DC3-AF2BBC9D32C2}.Release|Any CPU.ActiveCfg = Release|Any CPU
		{B47237F4-1EBC-4681-9DC3-AF2BBC9D32C2}.Release|Any CPU.Build.0 = Release|Any CPU
		{B47237F4-1EBC-4681-9DC3-AF2BBC9D32C2}.Release|Any CPU.Deploy.0 = Release|Any CPU
		{2D5AB25A-929A-4084-8C68-224E2805B823}.Debug|Any CPU.ActiveCfg = Debug|Any CPU
		{2D5AB25A-929A-4084-8C68-224E2805B823}.Debug|Any CPU.Build.0 = Debug|Any CPU
		{2D5AB25A-929A-4084-8C68-224E2805B823}.Debug|Any CPU.Deploy.0 = Debug|Any CPU
		{2D5AB25A-929A-4084-8C68-224E2805B823}.Release|Any CPU.ActiveCfg = Release|Any CPU
		{2D5AB25A-929A-4084-8C68-224E2805B823}.Release|Any CPU.Build.0 = Release|Any CPU
		{2D5AB25A-929A-4084-8C68-224E2805B823}.Release|Any CPU.Deploy.0 = Release|Any CPU
	EndGlobalSection
	GlobalSection(SolutionProperties) = preSolution
		HideSolutionNode = FALSE
	EndGlobalSection
	GlobalSection(ExtensibilityGlobals) = postSolution
		SolutionGuid = {978C96C5-BF65-4E9C-9334-52D9C924FB16}
	EndGlobalSection
EndGlobal
